
Microsoft Visual Studio Solution File, Format Version 12.00
# Visual Studio Version 16
VisualStudioVersion = 16.0.33529.622
MinimumVisualStudioVersion = 10.0.40219.1
Project("{FAE04EC0-301F-11D3-BF4B-00C04F79EFBC}") = "Enitiy framework with Swagger API", "Enitiy framework with Swagger API.csproj", "{9D1E0D1E-B7B7-4B13-9D16-0C667AEF93C0}"
EndProject
Global
	GlobalSection(SolutionConfigurationPlatforms) = preSolution
		Debug|Any CPU = Debug|Any CPU
		Release|Any CPU = Release|Any CPU
	EndGlobalSection
	GlobalSection(ProjectConfigurationPlatforms) = postSolution
		{9D1E0D1E-B7B7-4B13-9D16-0C667AEF93C0}.Debug|Any CPU.ActiveCfg = Debug|Any CPU
		{9D1E0D1E-B7B7-4B13-9D16-0C667AEF93C0}.Debug|Any CPU.Build.0 = Debug|Any CPU
		{9D1E0D1E-B7B7-4B13-9D16-0C667AEF93C0}.Release|Any CPU.ActiveCfg = Release|Any CPU
		{9D1E0D1E-B7B7-4B13-9D16-0C667AEF93C0}.Release|Any CPU.Build.0 = Release|Any CPU
	EndGlobalSection
	GlobalSection(SolutionProperties) = preSolution
		HideSolutionNode = FALSE
	EndGlobalSection
	GlobalSection(ExtensibilityGlobals) = postSolution
		SolutionGuid = {F1BABB46-C2BF-4C8E-901C-777CF53643E5}
	EndGlobalSection
EndGlobal
